// !$*UTF8*$!
{
	archiveVersion = 1;
	classes = {
	};
	objectVersion = 77;
	objects = {

/* Begin PBXBuildFile section */
		B00000000000000000000001 /* TunerCore in Frameworks */ = {isa = PBXBuildFile; productRef = D00000000000000000000001 /* TunerCore */; };
		B00000000000000000000002 /* TunerAudio in Frameworks */ = {isa = PBXBuildFile; productRef = D00000000000000000000002 /* TunerAudio */; };
		B00000000000000000000003 /* TunerFeature in Frameworks */ = {isa = PBXBuildFile; productRef = D00000000000000000000003 /* TunerFeature */; };
		B00000000000000000000004 /* LICENSE in Resources */ = {isa = PBXBuildFile; fileRef = F00000000000000000000001 /* LICENSE */; };
/* End PBXBuildFile section */

/* Begin PBXContainerItemProxy section */
		C00000000000000000000001 /* PBXContainerItemProxy */ = {
			isa = PBXContainerItemProxy;
			containerPortal = A00000000000000000000001 /* Project object */;
			proxyType = 1;
			remoteGlobalIDString = 10000000000000000000000A;
			remoteInfo = ChitarraTune;
		};
/* End PBXContainerItemProxy section */

/* Begin PBXFileReference section */
		F00000000000000000000001 /* LICENSE */ = {isa = PBXFileReference; lastKnownFileType = text; path = LICENSE; sourceTree = "<group>"; };
		F00000000000000000000002 /* ChitarraTune.app */ = {isa = PBXFileReference; explicitFileType = wrapper.application; includeInIndex = 0; path = ChitarraTune.app; sourceTree = BUILT_PRODUCTS_DIR; };
		F00000000000000000000003 /* ChitarraTuneUITests.xctest */ = {isa = PBXFileReference; explicitFileType = wrapper.cfbundle; includeInIndex = 0; path = ChitarraTuneUITests.xctest; sourceTree = BUILT_PRODUCTS_DIR; };
		F00000000000000000000004 /* Base.xcconfig */ = {isa = PBXFileReference; lastKnownFileType = text.xcconfig; path = Base.xcconfig; sourceTree = "<group>"; };
		F00000000000000000000005 /* Debug.xcconfig */ = {isa = PBXFileReference; lastKnownFileType = text.xcconfig; path = Debug.xcconfig; sourceTree = "<group>"; };
		F00000000000000000000006 /* Release.xcconfig */ = {isa = PBXFileReference; lastKnownFileType = text.xcconfig; path = Release.xcconfig; sourceTree = "<group>"; };
		F00000000000000000000007 /* App.xcconfig */ = {isa = PBXFileReference; lastKnownFileType = text.xcconfig; path = App.xcconfig; sourceTree = "<group>"; };
		F00000000000000000000008 /* UITests.xcconfig */ = {isa = PBXFileReference; lastKnownFileType = text.xcconfig; path = UITests.xcconfig; sourceTree = "<group>"; };
		F00000000000000000000009 /* ChitarraTune.entitlements */ = {isa = PBXFileReference; lastKnownFileType = text.plist.entitlements; path = ChitarraTune.entitlements; sourceTree = "<group>"; };
		F0000000000000000000000A /* Info.plist */ = {isa = PBXFileReference; lastKnownFileType = text.plist.xml; path = Info.plist; sourceTree = "<group>"; };
		F0000000000000000000000B /* ChitarraTuneKit */ = {isa = PBXFileReference; lastKnownFileType = wrapper; name = ChitarraTuneKit; path = Packages/ChitarraTuneKit; sourceTree = "<group>"; };
/* End PBXFileReference section */

/* Begin PBXFileSystemSynchronizedRootGroup section */
		E00000000000000000000001 /* App */ = {
			isa = PBXFileSystemSynchronizedRootGroup;
			path = App;
			sourceTree = "<group>";
		};
		E00000000000000000000002 /* ChitarraTuneUITests */ = {
			isa = PBXFileSystemSynchronizedRootGroup;
			path = ChitarraTuneUITests;
			sourceTree = "<group>";
		};
/* End PBXFileSystemSynchronizedRootGroup section */

/* Begin PBXFrameworksBuildPhase section */
		20000000000000000000000A /* Frameworks */ = {
			isa = PBXFrameworksBuildPhase;
			buildActionMask = 2147483647;
			files = (
				B00000000000000000000001 /* TunerCore in Frameworks */,
				B00000000000000000000002 /* TunerAudio in Frameworks */,
				B00000000000000000000003 /* TunerFeature in Frameworks */,
			);
			runOnlyForDeploymentPostprocessing = 0;
		};
		20000000000000000000000B /* Frameworks */ = {
			isa = PBXFrameworksBuildPhase;
			buildActionMask = 2147483647;
			files = (
			);
			runOnlyForDeploymentPostprocessing = 0;
		};
/* End PBXFrameworksBuildPhase section */

/* Begin PBXGroup section */
		90000000000000000000000A = {
			isa = PBXGroup;
			children = (
				E00000000000000000000001 /* App */,
				E00000000000000000000002 /* ChitarraTuneUITests */,
				F0000000000000000000000B /* ChitarraTuneKit */,
				91000000000000000000000A /* Config */,
				F00000000000000000000001 /* LICENSE */,
				92000000000000000000000A /* Products */,
			);
			sourceTree = "<group>";
		};
		91000000000000000000000A /* Config */ = {
			isa = PBXGroup;
			children = (
				F00000000000000000000004 /* Base.xcconfig */,
				F00000000000000000000005 /* Debug.xcconfig */,
				F00000000000000000000006 /* Release.xcconfig */,
				F00000000000000000000007 /* App.xcconfig */,
				F00000000000000000000008 /* UITests.xcconfig */,
				F0000000000000000000000A /* Info.plist */,
				F00000000000000000000009 /* ChitarraTune.entitlements */,
			);
			path = Config;
			sourceTree = "<group>";
		};
		92000000000000000000000A /* Products */ = {
			isa = PBXGroup;
			children = (
				F00000000000000000000002 /* ChitarraTune.app */,
				F00000000000000000000003 /* ChitarraTuneUITests.xctest */,
			);
			name = Products;
			sourceTree = "<group>";
		};
/* End PBXGroup section */

/* Begin PBXNativeTarget section */
		10000000000000000000000A /* ChitarraTune */ = {
			isa = PBXNativeTarget;
			buildConfigurationList = 60000000000000000000000A /* Build configuration list for PBXNativeTarget "ChitarraTune" */;
			buildPhases = (
				30000000000000000000000A /* Sources */,
				20000000000000000000000A /* Frameworks */,
				40000000000000000000000A /* Resources */,
			);
			buildRules = (
			);
			dependencies = (
			);
			fileSystemSynchronizedGroups = (
				E00000000000000000000001 /* App */,
			);
			name = ChitarraTune;
			packageProductDependencies = (
				D00000000000000000000001 /* TunerCore */,
				D00000000000000000000002 /* TunerAudio */,
				D00000000000000000000003 /* TunerFeature */,
			);
			productName = ChitarraTune;
			productReference = F00000000000000000000002 /* ChitarraTune.app */;
			productType = "com.apple.product-type.application";
		};
		10000000000000000000000B /* ChitarraTuneUITests */ = {
			isa = PBXNativeTarget;
			buildConfigurationList = 60000000000000000000000B /* Build configuration list for PBXNativeTarget "ChitarraTuneUITests" */;
			buildPhases = (
				30000000000000000000000B /* Sources */,
				20000000000000000000000B /* Frameworks */,
				40000000000000000000000B /* Resources */,
			);
			buildRules = (
			);
			dependencies = (
				70000000000000000000000A /* PBXTargetDependency */,
			);
			fileSystemSynchronizedGroups = (
				E00000000000000000000002 /* ChitarraTuneUITests */,
			);
			name = ChitarraTuneUITests;
			packageProductDependencies = (
			);
			productName = ChitarraTuneUITests;
			productReference = F00000000000000000000003 /* ChitarraTuneUITests.xctest */;
			productType = "com.apple.product-type.bundle.ui-testing";
		};
/* End PBXNativeTarget section */

/* Begin PBXProject section */
		A00000000000000000000001 /* Project object */ = {
			isa = PBXProject;
			attributes = {
				BuildIndependentTargetsInParallel = 1;
				LastSwiftUpdateCheck = 2700;
				LastUpgradeCheck = 2700;
				TargetAttributes = {
					10000000000000000000000A = {
						CreatedOnToolsVersion = 27.0;
					};
					10000000000000000000000B = {
						CreatedOnToolsVersion = 27.0;
						TestTargetID = 10000000000000000000000A;
					};
				};
			};
			buildConfigurationList = 50000000000000000000000A /* Build configuration list for PBXProject "ChitarraTune" */;
			developmentRegion = en;
			hasScannedForEncodings = 0;
			knownRegions = (
				en,
				it,
				Base,
			);
			mainGroup = 90000000000000000000000A;
			minimizedProjectReferenceProxies = 1;
			packageReferences = (
				D10000000000000000000001 /* XCLocalSwiftPackageReference "Packages/ChitarraTuneKit" */,
			);
			preferredProjectObjectVersion = 77;
			productRefGroup = 92000000000000000000000A /* Products */;
			projectDirPath = "";
			projectRoot = "";
			targets = (
				10000000000000000000000A /* ChitarraTune */,
				10000000000000000000000B /* ChitarraTuneUITests */,
			);
		};
/* End PBXProject section */

/* Begin PBXResourcesBuildPhase section */
		40000000000000000000000A /* Resources */ = {
			isa = PBXResourcesBuildPhase;
			buildActionMask = 2147483647;
			files = (
				B00000000000000000000004 /* LICENSE in Resources */,
			);
			runOnlyForDeploymentPostprocessing = 0;
		};
		40000000000000000000000B /* Resources */ = {
			isa = PBXResourcesBuildPhase;
			buildActionMask = 2147483647;
			files = (
			);
			runOnlyForDeploymentPostprocessing = 0;
		};
/* End PBXResourcesBuildPhase section */

/* Begin PBXSourcesBuildPhase section */
		30000000000000000000000A /* Sources */ = {
			isa = PBXSourcesBuildPhase;
			buildActionMask = 2147483647;
			files = (
			);
			runOnlyForDeploymentPostprocessing = 0;
		};
		30000000000000000000000B /* Sources */ = {
			isa = PBXSourcesBuildPhase;
			buildActionMask = 2147483647;
			files = (
			);
			runOnlyForDeploymentPostprocessing = 0;
		};
/* End PBXSourcesBuildPhase section */

/* Begin PBXTargetDependency section */
		70000000000000000000000A /* PBXTargetDependency */ = {
			isa = PBXTargetDependency;
			target = 10000000000000000000000A /* ChitarraTune */;
			targetProxy = C00000000000000000000001 /* PBXContainerItemProxy */;
		};
/* End PBXTargetDependency section */

/* Begin XCBuildConfiguration section */
		80000000000000000000000A /* Debug */ = {
			isa = XCBuildConfiguration;
			baseConfigurationReference = F00000000000000000000005 /* Debug.xcconfig */;
			buildSettings = {
			};
			name = Debug;
		};
		80000000000000000000000B /* Release */ = {
			isa = XCBuildConfiguration;
			baseConfigurationReference = F00000000000000000000006 /* Release.xcconfig */;
			buildSettings = {
			};
			name = Release;
		};
		80000000000000000000000C /* Debug */ = {
			isa = XCBuildConfiguration;
			baseConfigurationReference = F00000000000000000000007 /* App.xcconfig */;
			buildSettings = {
			};
			name = Debug;
		};
		80000000000000000000000D /* Release */ = {
			isa = XCBuildConfiguration;
			baseConfigurationReference = F00000000000000000000007 /* App.xcconfig */;
			buildSettings = {
			};
			name = Release;
		};
		80000000000000000000000E /* Debug */ = {
			isa = XCBuildConfiguration;
			baseConfigurationReference = F00000000000000000000008 /* UITests.xcconfig */;
			buildSettings = {
			};
			name = Debug;
		};
		80000000000000000000000F /* Release */ = {
			isa = XCBuildConfiguration;
			baseConfigurationReference = F00000000000000000000008 /* UITests.xcconfig */;
			buildSettings = {
			};
			name = Release;
		};
/* End XCBuildConfiguration section */

/* Begin XCConfigurationList section */
		50000000000000000000000A /* Build configuration list for PBXProject "ChitarraTune" */ = {
			isa = XCConfigurationList;
			buildConfigurations = (
				80000000000000000000000A /* Debug */,
				80000000000000000000000B /* Release */,
			);
			defaultConfigurationIsVisible = 0;
			defaultConfigurationName = Release;
		};
		60000000000000000000000A /* Build configuration list for PBXNativeTarget "ChitarraTune" */ = {
			isa = XCConfigurationList;
			buildConfigurations = (
				80000000000000000000000C /* Debug */,
				80000000000000000000000D /* Release */,
			);
			defaultConfigurationIsVisible = 0;
			defaultConfigurationName = Release;
		};
		60000000000000000000000B /* Build configuration list for PBXNativeTarget "ChitarraTuneUITests" */ = {
			isa = XCConfigurationList;
			buildConfigurations = (
				80000000000000000000000E /* Debug */,
				80000000000000000000000F /* Release */,
			);
			defaultConfigurationIsVisible = 0;
			defaultConfigurationName = Release;
		};
/* End XCConfigurationList section */

/* Begin XCLocalSwiftPackageReference section */
		D10000000000000000000001 /* XCLocalSwiftPackageReference "Packages/ChitarraTuneKit" */ = {
			isa = XCLocalSwiftPackageReference;
			relativePath = Packages/ChitarraTuneKit;
		};
/* End XCLocalSwiftPackageReference section */

/* Begin XCSwiftPackageProductDependency section */
		D00000000000000000000001 /* TunerCore */ = {
			isa = XCSwiftPackageProductDependency;
			productName = TunerCore;
		};
		D00000000000000000000002 /* TunerAudio */ = {
			isa = XCSwiftPackageProductDependency;
			productName = TunerAudio;
		};
		D00000000000000000000003 /* TunerFeature */ = {
			isa = XCSwiftPackageProductDependency;
			productName = TunerFeature;
		};
/* End XCSwiftPackageProductDependency section */
	};
	rootObject = A00000000000000000000001 /* Project object */;
}
